
Microsoft Visual Studio Solution File, Format Version 12.00
# Visual Studio Version 17
VisualStudioVersion = 17.0.31903.59
MinimumVisualStudioVersion = 10.0.40219.1
Project("{2150E333-8FDC-42A3-9474-1A3956D46DE8}") = "src", "src", "{6E9FF2CF-EAD3-43DD-8D5D-A53BB0445A43}"
EndProject
Project("{2150E333-8FDC-42A3-9474-1A3956D46DE8}") = "Solution Items", "Solution Items", "{BD90A61F-0AEB-4B78-B4BD-FB8140368475}"
	ProjectSection(SolutionItems) = preProject
		.editorconfig = .editorconfig
		liyanjie.net.256.png = liyanjie.net.256.png
		Nuget.config = Nuget.config
		Push.bat = Push.bat
		README.md = README.md
	EndProjectSection
EndProject
Project("{9A19103F-16F7-4668-BE54-9A1E7A4F7556}") = "Liyanjie.Http", "src\Liyanjie.Http\Liyanjie.Http.csproj", "{887B7D80-CFE9-4146-855F-D18E9DB6F2C2}"
EndProject
Project("{9A19103F-16F7-4668-BE54-9A1E7A4F7556}") = "Liyanjie.EnglishPluralization", "src\Liyanjie.EnglishPluralization\Liyanjie.EnglishPluralization.csproj", "{F89CCA45-FC3B-4D74-A0C0-54D121F4508D}"
EndProject
Project("{9A19103F-16F7-4668-BE54-9A1E7A4F7556}") = "Liyanjie.Linq.Expressions", "src\Liyanjie.Linq.Expressions\Liyanjie.Linq.Expressions.csproj", "{F1902356-652E-4204-BFCC-2570D5AEE6BC}"
EndProject
Project("{9A19103F-16F7-4668-BE54-9A1E7A4F7556}") = "Liyanjie.TypeBuilder", "src\Liyanjie.TypeBuilder\Liyanjie.TypeBuilder.csproj", "{6294B336-E01F-4EBC-AFFB-2FD54A1233D4}"
EndProject
Project("{9A19103F-16F7-4668-BE54-9A1E7A4F7556}") = "Liyanjie.Linq", "src\Liyanjie.Linq\Liyanjie.Linq.csproj", "{405431C5-D8DC-4F30-BE95-69758420E5F4}"
EndProject
Project("{2150E333-8FDC-42A3-9474-1A3956D46DE8}") = "test", "test", "{E8BAE215-1C03-4791-8D18-D34C71363E07}"
EndProject
Project("{9A19103F-16F7-4668-BE54-9A1E7A4F7556}") = "Liyanjie.AspNetCore.Authentication.Code", "src\Liyanjie.AspNetCore.Authentication.Code\Liyanjie.AspNetCore.Authentication.Code.csproj", "{00B2191A-C8FB-465C-9652-1227C56DAA6F}"
EndProject
Project("{2150E333-8FDC-42A3-9474-1A3956D46DE8}") = "sample", "sample", "{93D289B2-043A-43F8-BB3B-A93B59B76966}"
EndProject
Project("{9A19103F-16F7-4668-BE54-9A1E7A4F7556}") = "Liyanjie.Utilities", "src\Liyanjie.Utilities\Liyanjie.Utilities.csproj", "{52684068-F076-4258-BEEC-A92207D3A193}"
EndProject
Project("{9A19103F-16F7-4668-BE54-9A1E7A4F7556}") = "Liyanjie.Utilities.Cn", "src\Liyanjie.Utilities.Cn\Liyanjie.Utilities.Cn.csproj", "{9A59FB4A-07C8-43D3-BD56-EAAE3E43F61A}"
EndProject
Project("{9A19103F-16F7-4668-BE54-9A1E7A4F7556}") = "Liyanjie.Drawing.Extensions", "src\Liyanjie.Drawing.Extensions\Liyanjie.Drawing.Extensions.csproj", "{A822E6DA-54A5-4B5C-83B4-706163683EB5}"
EndProject
Project("{9A19103F-16F7-4668-BE54-9A1E7A4F7556}") = "Liyanjie.GrpcServer", "src\Liyanjie.GrpcServer\Liyanjie.GrpcServer.csproj", "{8D232286-BAE5-4743-9587-0EA352A4E80E}"
EndProject
Project("{9A19103F-16F7-4668-BE54-9A1E7A4F7556}") = "Liyanjie.ValueObjects", "src\Liyanjie.ValueObjects\Liyanjie.ValueObjects.csproj", "{FB2430A4-5E93-4EFE-B43F-6C2ECD4E7DE0}"
EndProject
Project("{9A19103F-16F7-4668-BE54-9A1E7A4F7556}") = "ConsoleApp", "test\ConsoleApp\ConsoleApp.csproj", "{65045F48-BCC5-4746-9C38-34FBA12ACE8C}"
EndProject
Project("{9092AA53-FB77-4645-B42D-1CCCA6BD08BD}") = "NodejsConsoleApp", "test\NodejsConsoleApp\NodejsConsoleApp.njsproj", "{0FB962DF-922D-48A1-9E1C-9FAF8D35BBBF}"
EndProject
Project("{9A19103F-16F7-4668-BE54-9A1E7A4F7556}") = "Liyanjie.MongoDB.Driver.Extensions", "src\Liyanjie.MongoDB.Driver.Extensions\Liyanjie.MongoDB.Driver.Extensions.csproj", "{19BC5CB9-8EB7-4B63-834A-D11B0B6F3EB5}"
EndProject
Project("{9A19103F-16F7-4668-BE54-9A1E7A4F7556}") = "Liyanjie.AspNetCore.Extensions", "src\Liyanjie.AspNetCore.Extensions\Liyanjie.AspNetCore.Extensions.csproj", "{EC552C20-3E84-4015-8F5A-B285355B6A29}"
EndProject
Project("{9A19103F-16F7-4668-BE54-9A1E7A4F7556}") = "WebApplication", "test\WebApplication\WebApplication.csproj", "{4E03DA03-2C06-40DF-AF33-D0150D34165D}"
EndProject
Project("{9A19103F-16F7-4668-BE54-9A1E7A4F7556}") = "Liyanjie.AspNetCore.Hosting.WindowsDesktop", "src\Liyanjie.AspNetCore.Hosting.WindowsDesktop\Liyanjie.AspNetCore.Hosting.WindowsDesktop.csproj", "{FE9065CC-872F-4F50-A952-1A9CE0D11479}"
EndProject
Project("{9A19103F-16F7-4668-BE54-9A1E7A4F7556}") = "Liyanjie.Pinyin", "src\Liyanjie.Pinyin\Liyanjie.Pinyin.csproj", "{37EF2348-C269-4802-835C-C05EF2A6E33D}"
EndProject
Project("{9A19103F-16F7-4668-BE54-9A1E7A4F7556}") = "Liyanjie.AdministrativeDevision.Cn", "src\Liyanjie.AdministrativeDevision.Cn\Liyanjie.AdministrativeDevision.Cn.csproj", "{10126FE3-0C42-4590-A6F2-A71174E38A22}"
EndProject
Project("{9A19103F-16F7-4668-BE54-9A1E7A4F7556}") = "Liyanjie.PhoneNumber.Cn", "src\Liyanjie.PhoneNumber.Cn\Liyanjie.PhoneNumber.Cn.csproj", "{C312199D-35A4-4E8F-B4A8-6FA585A20F06}"
EndProject
Project("{9A19103F-16F7-4668-BE54-9A1E7A4F7556}") = "Liyanjie.QQWry", "src\Liyanjie.QQWry\Liyanjie.QQWry.csproj", "{A882178E-DBFD-48A3-AEBF-F43A10A05A60}"
EndProject
Project("{9A19103F-16F7-4668-BE54-9A1E7A4F7556}") = "Liyanjie.Pinyin.Jieba", "src\Liyanjie.Pinyin.Jieba\Liyanjie.Pinyin.Jieba.csproj", "{0771FA8B-EA2D-4FF8-815A-CBAF7BF32F27}"
EndProject
Project("{9A19103F-16F7-4668-BE54-9A1E7A4F7556}") = "Liyanjie.Drawing.SkiaSharp", "src\Liyanjie.Drawing.SkiaSharp\Liyanjie.Drawing.SkiaSharp.csproj", "{93154ADC-5C20-44F1-BE8D-DF87DC5886E3}"
EndProject
Project("{9A19103F-16F7-4668-BE54-9A1E7A4F7556}") = "Liyanjie.Drawing.ImageSharp", "src\Liyanjie.Drawing.ImageSharp\Liyanjie.Drawing.ImageSharp.csproj", "{C3D4E26C-0150-439E-B365-CB5DE75C2474}"
EndProject
Project("{9A19103F-16F7-4668-BE54-9A1E7A4F7556}") = "Liyanjie.ValueObjects.Protobuf", "src\Liyanjie.ValueObjects.Protobuf\Liyanjie.ValueObjects.Protobuf.csproj", "{10CF70A3-3748-4E3E-8DEF-BD49F7FC3B95}"
EndProject
Project("{9A19103F-16F7-4668-BE54-9A1E7A4F7556}") = "Liyanjie.Protobuf.Surrogates", "src\Liyanjie.Protobuf.Surrogates\Liyanjie.Protobuf.Surrogates.csproj", "{24C5A023-B0E1-458C-9DDF-F83A65F87441}"
EndProject
Global
	GlobalSection(SolutionConfigurationPlatforms) = preSolution
		Debug|Any CPU = Debug|Any CPU
		Release|Any CPU = Release|Any CPU
	EndGlobalSection
	GlobalSection(ProjectConfigurationPlatforms) = postSolution
		{887B7D80-CFE9-4146-855F-D18E9DB6F2C2}.Debug|Any CPU.ActiveCfg = Debug|Any CPU
		{887B7D80-CFE9-4146-855F-D18E9DB6F2C2}.Debug|Any CPU.Build.0 = Debug|Any CPU
		{887B7D80-CFE9-4146-855F-D18E9DB6F2C2}.Release|Any CPU.ActiveCfg = Release|Any CPU
		{887B7D80-CFE9-4146-855F-D18E9DB6F2C2}.Release|Any CPU.Build.0 = Release|Any CPU
		{F89CCA45-FC3B-4D74-A0C0-54D121F4508D}.Debug|Any CPU.ActiveCfg = Debug|Any CPU
		{F89CCA45-FC3B-4D74-A0C0-54D121F4508D}.Debug|Any CPU.Build.0 = Debug|Any CPU
		{F89CCA45-FC3B-4D74-A0C0-54D121F4508D}.Release|Any CPU.ActiveCfg = Release|Any CPU
		{F89CCA45-FC3B-4D74-A0C0-54D121F4508D}.Release|Any CPU.Build.0 = Release|Any CPU
		{F1902356-652E-4204-BFCC-2570D5AEE6BC}.Debug|Any CPU.ActiveCfg = Debug|Any CPU
		{F1902356-652E-4204-BFCC-2570D5AEE6BC}.Debug|Any CPU.Build.0 = Debug|Any CPU
		{F1902356-652E-4204-BFCC-2570D5AEE6BC}.Release|Any CPU.ActiveCfg = Release|Any CPU
		{F1902356-652E-4204-BFCC-2570D5AEE6BC}.Release|Any CPU.Build.0 = Release|Any CPU
		{6294B336-E01F-4EBC-AFFB-2FD54A1233D4}.Debug|Any CPU.ActiveCfg = Debug|Any CPU
		{6294B336-E01F-4EBC-AFFB-2FD54A1233D4}.Debug|Any CPU.Build.0 = Debug|Any CPU
		{6294B336-E01F-4EBC-AFFB-2FD54A1233D4}.Release|Any CPU.ActiveCfg = Release|Any CPU
		{6294B336-E01F-4EBC-AFFB-2FD54A1233D4}.Release|Any CPU.Build.0 = Release|Any CPU
		{405431C5-D8DC-4F30-BE95-69758420E5F4}.Debug|Any CPU.ActiveCfg = Debug|Any CPU
		{405431C5-D8DC-4F30-BE95-69758420E5F4}.Debug|Any CPU.Build.0 = Debug|Any CPU
		{405431C5-D8DC-4F30-BE95-69758420E5F4}.Release|Any CPU.ActiveCfg = Release|Any CPU
		{405431C5-D8DC-4F30-BE95-69758420E5F4}.Release|Any CPU.Build.0 = Release|Any CPU
		{00B2191A-C8FB-465C-9652-1227C56DAA6F}.Debug|Any CPU.ActiveCfg = Debug|Any CPU
		{00B2191A-C8FB-465C-9652-1227C56DAA6F}.Debug|Any CPU.Build.0 = Debug|Any CPU
		{00B2191A-C8FB-465C-9652-1227C56DAA6F}.Release|Any CPU.ActiveCfg = Release|Any CPU
		{00B2191A-C8FB-465C-9652-1227C56DAA6F}.Release|Any CPU.Build.0 = Release|Any CPU
		{52684068-F076-4258-BEEC-A92207D3A193}.Debug|Any CPU.ActiveCfg = Debug|Any CPU
		{52684068-F076-4258-BEEC-A92207D3A193}.Debug|Any CPU.Build.0 = Debug|Any CPU
		{52684068-F076-4258-BEEC-A92207D3A193}.Release|Any CPU.ActiveCfg = Release|Any CPU
		{52684068-F076-4258-BEEC-A92207D3A193}.Release|Any CPU.Build.0 = Release|Any CPU
		{9A59FB4A-07C8-43D3-BD56-EAAE3E43F61A}.Debug|Any CPU.ActiveCfg = Debug|Any CPU
		{9A59FB4A-07C8-43D3-BD56-EAAE3E43F61A}.Debug|Any CPU.Build.0 = Debug|Any CPU
		{9A59FB4A-07C8-43D3-BD56-EAAE3E43F61A}.Release|Any CPU.ActiveCfg = Release|Any CPU
		{9A59FB4A-07C8-43D3-BD56-EAAE3E43F61A}.Release|Any CPU.Build.0 = Release|Any CPU
		{A822E6DA-54A5-4B5C-83B4-706163683EB5}.Debug|Any CPU.ActiveCfg = Debug|Any CPU
		{A822E6DA-54A5-4B5C-83B4-706163683EB5}.Debug|Any CPU.Build.0 = Debug|Any CPU
		{A822E6DA-54A5-4B5C-83B4-706163683EB5}.Release|Any CPU.ActiveCfg = Release|Any CPU
		{A822E6DA-54A5-4B5C-83B4-706163683EB5}.Release|Any CPU.Build.0 = Release|Any CPU
		{8D232286-BAE5-4743-9587-0EA352A4E80E}.Debug|Any CPU.ActiveCfg = Debug|Any CPU
		{8D232286-BAE5-4743-9587-0EA352A4E80E}.Debug|Any CPU.Build.0 = Debug|Any CPU
		{8D232286-BAE5-4743-9587-0EA352A4E80E}.Release|Any CPU.ActiveCfg = Release|Any CPU
		{8D232286-BAE5-4743-9587-0EA352A4E80E}.Release|Any CPU.Build.0 = Release|Any CPU
		{FB2430A4-5E93-4EFE-B43F-6C2ECD4E7DE0}.Debug|Any CPU.ActiveCfg = Debug|Any CPU
		{FB2430A4-5E93-4EFE-B43F-6C2ECD4E7DE0}.Debug|Any CPU.Build.0 = Debug|Any CPU
		{FB2430A4-5E93-4EFE-B43F-6C2ECD4E7DE0}.Release|Any CPU.ActiveCfg = Release|Any CPU
		{FB2430A4-5E93-4EFE-B43F-6C2ECD4E7DE0}.Release|Any CPU.Build.0 = Release|Any CPU
		{65045F48-BCC5-4746-9C38-34FBA12ACE8C}.Debug|Any CPU.ActiveCfg = Debug|Any CPU
		{65045F48-BCC5-4746-9C38-34FBA12ACE8C}.Debug|Any CPU.Build.0 = Debug|Any CPU
		{65045F48-BCC5-4746-9C38-34FBA12ACE8C}.Release|Any CPU.ActiveCfg = Release|Any CPU
		{65045F48-BCC5-4746-9C38-34FBA12ACE8C}.Release|Any CPU.Build.0 = Release|Any CPU
		{0FB962DF-922D-48A1-9E1C-9FAF8D35BBBF}.Debug|Any CPU.ActiveCfg = Debug|Any CPU
		{0FB962DF-922D-48A1-9E1C-9FAF8D35BBBF}.Debug|Any CPU.Build.0 = Debug|Any CPU
		{0FB962DF-922D-48A1-9E1C-9FAF8D35BBBF}.Release|Any CPU.ActiveCfg = Release|Any CPU
		{0FB962DF-922D-48A1-9E1C-9FAF8D35BBBF}.Release|Any CPU.Build.0 = Release|Any CPU
		{19BC5CB9-8EB7-4B63-834A-D11B0B6F3EB5}.Debug|Any CPU.ActiveCfg = Debug|Any CPU
		{19BC5CB9-8EB7-4B63-834A-D11B0B6F3EB5}.Debug|Any CPU.Build.0 = Debug|Any CPU
		{19BC5CB9-8EB7-4B63-834A-D11B0B6F3EB5}.Release|Any CPU.ActiveCfg = Release|Any CPU
		{19BC5CB9-8EB7-4B63-834A-D11B0B6F3EB5}.Release|Any CPU.Build.0 = Release|Any CPU
		{EC552C20-3E84-4015-8F5A-B285355B6A29}.Debug|Any CPU.ActiveCfg = Debug|Any CPU
		{EC552C20-3E84-4015-8F5A-B285355B6A29}.Debug|Any CPU.Build.0 = Debug|Any CPU
		{EC552C20-3E84-4015-8F5A-B285355B6A29}.Release|Any CPU.ActiveCfg = Release|Any CPU
		{EC552C20-3E84-4015-8F5A-B285355B6A29}.Release|Any CPU.Build.0 = Release|Any CPU
		{4E03DA03-2C06-40DF-AF33-D0150D34165D}.Debug|Any CPU.ActiveCfg = Debug|Any CPU
		{4E03DA03-2C06-40DF-AF33-D0150D34165D}.Debug|Any CPU.Build.0 = Debug|Any CPU
		{4E03DA03-2C06-40DF-AF33-D0150D34165D}.Release|Any CPU.ActiveCfg = Release|Any CPU
		{4E03DA03-2C06-40DF-AF33-D0150D34165D}.Release|Any CPU.Build.0 = Release|Any CPU
		{FE9065CC-872F-4F50-A952-1A9CE0D11479}.Debug|Any CPU.ActiveCfg = Debug|Any CPU
		{FE9065CC-872F-4F50-A952-1A9CE0D11479}.Debug|Any CPU.Build.0 = Debug|Any CPU
		{FE9065CC-872F-4F50-A952-1A9CE0D11479}.Release|Any CPU.ActiveCfg = Release|Any CPU
		{FE9065CC-872F-4F50-A952-1A9CE0D11479}.Release|Any CPU.Build.0 = Release|Any CPU
		{37EF2348-C269-4802-835C-C05EF2A6E33D}.Debug|Any CPU.ActiveCfg = Debug|Any CPU
		{37EF2348-C269-4802-835C-C05EF2A6E33D}.Debug|Any CPU.Build.0 = Debug|Any CPU
		{37EF2348-C269-4802-835C-C05EF2A6E33D}.Release|Any CPU.ActiveCfg = Release|Any CPU
		{37EF2348-C269-4802-835C-C05EF2A6E33D}.Release|Any CPU.Build.0 = Release|Any CPU
		{10126FE3-0C42-4590-A6F2-A71174E38A22}.Debug|Any CPU.ActiveCfg = Debug|Any CPU
		{10126FE3-0C42-4590-A6F2-A71174E38A22}.Debug|Any CPU.Build.0 = Debug|Any CPU
		{10126FE3-0C42-4590-A6F2-A71174E38A22}.Release|Any CPU.ActiveCfg = Release|Any CPU
		{10126FE3-0C42-4590-A6F2-A71174E38A22}.Release|Any CPU.Build.0 = Release|Any CPU
		{C312199D-35A4-4E8F-B4A8-6FA585A20F06}.Debug|Any CPU.ActiveCfg = Debug|Any CPU
		{C312199D-35A4-4E8F-B4A8-6FA585A20F06}.Debug|Any CPU.Build.0 = Debug|Any CPU
		{C312199D-35A4-4E8F-B4A8-6FA585A20F06}.Release|Any CPU.ActiveCfg = Release|Any CPU
		{C312199D-35A4-4E8F-B4A8-6FA585A20F06}.Release|Any CPU.Build.0 = Release|Any CPU
		{A882178E-DBFD-48A3-AEBF-F43A10A05A60}.Debug|Any CPU.ActiveCfg = Debug|Any CPU
		{A882178E-DBFD-48A3-AEBF-F43A10A05A60}.Debug|Any CPU.Build.0 = Debug|Any CPU
		{A882178E-DBFD-48A3-AEBF-F43A10A05A60}.Release|Any CPU.ActiveCfg = Release|Any CPU
		{A882178E-DBFD-48A3-AEBF-F43A10A05A60}.Release|Any CPU.Build.0 = Release|Any CPU
		{0771FA8B-EA2D-4FF8-815A-CBAF7BF32F27}.Debug|Any CPU.ActiveCfg = Debug|Any CPU
		{0771FA8B-EA2D-4FF8-815A-CBAF7BF32F27}.Debug|Any CPU.Build.0 = Debug|Any CPU
		{0771FA8B-EA2D-4FF8-815A-CBAF7BF32F27}.Release|Any CPU.ActiveCfg = Release|Any CPU
		{0771FA8B-EA2D-4FF8-815A-CBAF7BF32F27}.Release|Any CPU.Build.0 = Release|Any CPU
		{93154ADC-5C20-44F1-BE8D-DF87DC5886E3}.Debug|Any CPU.ActiveCfg = Debug|Any CPU
		{93154ADC-5C20-44F1-BE8D-DF87DC5886E3}.Debug|Any CPU.Build.0 = Debug|Any CPU
		{93154ADC-5C20-44F1-BE8D-DF87DC5886E3}.Release|Any CPU.ActiveCfg = Release|Any CPU
		{93154ADC-5C20-44F1-BE8D-DF87DC5886E3}.Release|Any CPU.Build.0 = Release|Any CPU
		{C3D4E26C-0150-439E-B365-CB5DE75C2474}.Debug|Any CPU.ActiveCfg = Debug|Any CPU
		{C3D4E26C-0150-439E-B365-CB5DE75C2474}.Debug|Any CPU.Build.0 = Debug|Any CPU
		{C3D4E26C-0150-439E-B365-CB5DE75C2474}.Release|Any CPU.ActiveCfg = Release|Any CPU
		{C3D4E26C-0150-439E-B365-CB5DE75C2474}.Release|Any CPU.Build.0 = Release|Any CPU
		{10CF70A3-3748-4E3E-8DEF-BD49F7FC3B95}.Debug|Any CPU.ActiveCfg = Debug|Any CPU
		{10CF70A3-3748-4E3E-8DEF-BD49F7FC3B95}.Debug|Any CPU.Build.0 = Debug|Any CPU
		{10CF70A3-3748-4E3E-8DEF-BD49F7FC3B95}.Release|Any CPU.ActiveCfg = Release|Any CPU
		{10CF70A3-3748-4E3E-8DEF-BD49F7FC3B95}.Release|Any CPU.Build.0 = Release|Any CPU
		{24C5A023-B0E1-458C-9DDF-F83A65F87441}.Debug|Any CPU.ActiveCfg = Debug|Any CPU
		{24C5A023-B0E1-458C-9DDF-F83A65F87441}.Debug|Any CPU.Build.0 = Debug|Any CPU
		{24C5A023-B0E1-458C-9DDF-F83A65F87441}.Release|Any CPU.ActiveCfg = Release|Any CPU
		{24C5A023-B0E1-458C-9DDF-F83A65F87441}.Release|Any CPU.Build.0 = Release|Any CPU
	EndGlobalSection
	GlobalSection(SolutionProperties) = preSolution
		HideSolutionNode = FALSE
	EndGlobalSection
	GlobalSection(NestedProjects) = preSolution
		{887B7D80-CFE9-4146-855F-D18E9DB6F2C2} = {6E9FF2CF-EAD3-43DD-8D5D-A53BB0445A43}
		{F89CCA45-FC3B-4D74-A0C0-54D121F4508D} = {6E9FF2CF-EAD3-43DD-8D5D-A53BB0445A43}
		{F1902356-652E-4204-BFCC-2570D5AEE6BC} = {6E9FF2CF-EAD3-43DD-8D5D-A53BB0445A43}
		{6294B336-E01F-4EBC-AFFB-2FD54A1233D4} = {6E9FF2CF-EAD3-43DD-8D5D-A53BB0445A43}
		{405431C5-D8DC-4F30-BE95-69758420E5F4} = {6E9FF2CF-EAD3-43DD-8D5D-A53BB0445A43}
		{00B2191A-C8FB-465C-9652-1227C56DAA6F} = {6E9FF2CF-EAD3-43DD-8D5D-A53BB0445A43}
		{52684068-F076-4258-BEEC-A92207D3A193} = {6E9FF2CF-EAD3-43DD-8D5D-A53BB0445A43}
		{9A59FB4A-07C8-43D3-BD56-EAAE3E43F61A} = {6E9FF2CF-EAD3-43DD-8D5D-A53BB0445A43}
		{A822E6DA-54A5-4B5C-83B4-706163683EB5} = {6E9FF2CF-EAD3-43DD-8D5D-A53BB0445A43}
		{8D232286-BAE5-4743-9587-0EA352A4E80E} = {6E9FF2CF-EAD3-43DD-8D5D-A53BB0445A43}
		{FB2430A4-5E93-4EFE-B43F-6C2ECD4E7DE0} = {6E9FF2CF-EAD3-43DD-8D5D-A53BB0445A43}
		{65045F48-BCC5-4746-9C38-34FBA12ACE8C} = {E8BAE215-1C03-4791-8D18-D34C71363E07}
		{0FB962DF-922D-48A1-9E1C-9FAF8D35BBBF} = {E8BAE215-1C03-4791-8D18-D34C71363E07}
		{19BC5CB9-8EB7-4B63-834A-D11B0B6F3EB5} = {6E9FF2CF-EAD3-43DD-8D5D-A53BB0445A43}
		{EC552C20-3E84-4015-8F5A-B285355B6A29} = {6E9FF2CF-EAD3-43DD-8D5D-A53BB0445A43}
		{4E03DA03-2C06-40DF-AF33-D0150D34165D} = {E8BAE215-1C03-4791-8D18-D34C71363E07}
		{FE9065CC-872F-4F50-A952-1A9CE0D11479} = {6E9FF2CF-EAD3-43DD-8D5D-A53BB0445A43}
		{37EF2348-C269-4802-835C-C05EF2A6E33D} = {6E9FF2CF-EAD3-43DD-8D5D-A53BB0445A43}
		{10126FE3-0C42-4590-A6F2-A71174E38A22} = {6E9FF2CF-EAD3-43DD-8D5D-A53BB0445A43}
		{C312199D-35A4-4E8F-B4A8-6FA585A20F06} = {6E9FF2CF-EAD3-43DD-8D5D-A53BB0445A43}
		{A882178E-DBFD-48A3-AEBF-F43A10A05A60} = {6E9FF2CF-EAD3-43DD-8D5D-A53BB0445A43}
		{0771FA8B-EA2D-4FF8-815A-CBAF7BF32F27} = {6E9FF2CF-EAD3-43DD-8D5D-A53BB0445A43}
		{93154ADC-5C20-44F1-BE8D-DF87DC5886E3} = {6E9FF2CF-EAD3-43DD-8D5D-A53BB0445A43}
		{C3D4E26C-0150-439E-B365-CB5DE75C2474} = {6E9FF2CF-EAD3-43DD-8D5D-A53BB0445A43}
		{10CF70A3-3748-4E3E-8DEF-BD49F7FC3B95} = {6E9FF2CF-EAD3-43DD-8D5D-A53BB0445A43}
		{24C5A023-B0E1-458C-9DDF-F83A65F87441} = {6E9FF2CF-EAD3-43DD-8D5D-A53BB0445A43}
	EndGlobalSection
	GlobalSection(ExtensibilityGlobals) = postSolution
		SolutionGuid = {D8F8E1D8-848B-4EE7-B1FD-9200F7EF1AD2}
	EndGlobalSection
EndGlobal
